
Microsoft Visual Studio Solution File, Format Version 12.00
# Visual Studio Version 17
VisualStudioVersion = 17.9.34723.18
MinimumVisualStudioVersion = 10.0.40219.1
Project("{FAE04EC0-301F-11D3-BF4B-00C04F79EFBC}") = "ClassInheritence", "ClassInheritence\ClassInheritence.csproj", "{32814235-89BB-44E3-9030-1688B22EBDFD}"
EndProject
Global
	GlobalSection(SolutionConfigurationPlatforms) = preSolution
		Debug|Any CPU = Debug|Any CPU
		Release|Any CPU = Release|Any CPU
	EndGlobalSection
	GlobalSection(ProjectConfigurationPlatforms) = postSolution
		{32814235-89BB-44E3-9030-1688B22EBDFD}.Debug|Any CPU.ActiveCfg = Debug|Any CPU
		{32814235-89BB-44E3-9030-1688B22EBDFD}.Debug|Any CPU.Build.0 = Debug|Any CPU
		{32814235-89BB-44E3-9030-1688B22EBDFD}.Release|Any CPU.ActiveCfg = Release|Any CPU
		{32814235-89BB-44E3-9030-1688B22EBDFD}.Release|Any CPU.Build.0 = Release|Any CPU
	EndGlobalSection
	GlobalSection(SolutionProperties) = preSolution
		HideSolutionNode = FALSE
	EndGlobalSection
	GlobalSection(ExtensibilityGlobals) = postSolution
		SolutionGuid = {D5A24077-046D-483F-A78C-D665D7F27CA4}
	EndGlobalSection
EndGlobal
